
Microsoft Visual Studio Solution File, Format Version 12.00
# Visual Studio Version 17
VisualStudioVersion = 17.2.32630.192
MinimumVisualStudioVersion = 10.0.40219.1
Project("{2150E333-8FDC-42A3-9474-1A3956D46DE8}") = "00.DLL", "00.DLL", "{CDD4A3C1-FC9A-4D43-A41E-5B2DBCF97DE2}"
	ProjectSection(SolutionItems) = preProject
		_DLL\FluentData.dll = _DLL\FluentData.dll
		_DLL\ServiceStack.Common.dll = _DLL\ServiceStack.Common.dll
		_DLL\ServiceStack.Interfaces.dll = _DLL\ServiceStack.Interfaces.dll
		_DLL\ServiceStack.Redis.dll = _DLL\ServiceStack.Redis.dll
		_DLL\ServiceStack.Text.dll = _DLL\ServiceStack.Text.dll
		_DLL\System.Web.Mvc.dll = _DLL\System.Web.Mvc.dll
		_DLL\System.Web.Razor.dll = _DLL\System.Web.Razor.dll
		_DLL\System.Web.WebPages.dll = _DLL\System.Web.WebPages.dll
	EndProjectSection
EndProject
Project("{2150E333-8FDC-42A3-9474-1A3956D46DE8}") = "01.Common", "01.Common", "{B999D2CA-EB08-4217-ACAB-3F99B5D3CE21}"
EndProject
Project("{2150E333-8FDC-42A3-9474-1A3956D46DE8}") = "02.Caching", "02.Caching", "{3F5DE924-C9A4-4CD4-8A7B-00A754144A90}"
EndProject
Project("{2150E333-8FDC-42A3-9474-1A3956D46DE8}") = "03.Business", "03.Business", "{DB9359C0-6354-46D9-ABE8-FC491AFA0A4E}"
EndProject
Project("{2150E333-8FDC-42A3-9474-1A3956D46DE8}") = "04.Presentations", "04.Presentations", "{C1CB0451-A904-4FF7-893B-72E568398784}"
EndProject
Project("{2150E333-8FDC-42A3-9474-1A3956D46DE8}") = "05.Storages", "05.Storages", "{D5B4DC7C-AB10-4767-9D30-79084768F858}"
EndProject
Project("{2150E333-8FDC-42A3-9474-1A3956D46DE8}") = "06.Services", "06.Services", "{E8A92FE8-A15F-4642-A798-D66089C92D24}"
EndProject
Project("{FAE04EC0-301F-11D3-BF4B-00C04F79EFBC}") = "DVG.WIS.Encrypt", "DVG.WIS.Encrypt\DVG.WIS.Encrypt.csproj", "{D1C49E8F-41E7-414E-8DCE-BBD901A84791}"
EndProject
Project("{FAE04EC0-301F-11D3-BF4B-00C04F79EFBC}") = "DVG.WIS.Utilities", "DVG.WIS.Utilities\DVG.WIS.Utilities.csproj", "{32B27F71-69D8-4D89-AB79-DD80EECA1DE3}"
EndProject
Project("{FAE04EC0-301F-11D3-BF4B-00C04F79EFBC}") = "DVG.WIS.Caching", "DVG.WIS.Caching\DVG.WIS.Caching.csproj", "{E67CDDD6-E186-4997-86E7-F8CCFA659877}"
EndProject
Project("{FAE04EC0-301F-11D3-BF4B-00C04F79EFBC}") = "DVG.WIS.Core", "DVG.WIS.Core\DVG.WIS.Core.csproj", "{CF6F4FE2-2162-4970-9C28-827E603D1796}"
EndProject
Project("{FAE04EC0-301F-11D3-BF4B-00C04F79EFBC}") = "DVG.WIS.Local", "DVG.WIS.Local\DVG.WIS.Local.csproj", "{56D874CE-ACD6-4571-B8CA-650F0000B0A1}"
EndProject
Project("{FAE04EC0-301F-11D3-BF4B-00C04F79EFBC}") = "DVG.CMS", "DVG.CMS\DVG.CMS.csproj", "{E8953302-2A83-460D-8B05-CAB18174D87C}"
EndProject
Project("{FAE04EC0-301F-11D3-BF4B-00C04F79EFBC}") = "DVG.WIS.Entities", "DVG.WIS.Entities\DVG.WIS.Entities.csproj", "{F75DFCA3-EDB3-44F6-91C6-45FF54D2BF36}"
EndProject
Project("{FAE04EC0-301F-11D3-BF4B-00C04F79EFBC}") = "DVG.WIS.PublicModel", "DVG.WIS.PublishModel\DVG.WIS.PublicModel.csproj", "{A1239570-9F49-44E3-9A8A-11A062089D72}"
EndProject
Project("{FAE04EC0-301F-11D3-BF4B-00C04F79EFBC}") = "DVG.WIS.Business", "DVG.WIS.BSL\DVG.WIS.Business.csproj", "{758E8852-FCE0-4082-8096-75B7EE98C922}"
EndProject
Project("{FAE04EC0-301F-11D3-BF4B-00C04F79EFBC}") = "DVG.WIS.DAL", "DVG.WIS.DAL\DVG.WIS.DAL.csproj", "{4FDBD751-9252-4CBD-85EC-19190DA39526}"
EndProject
Project("{FAE04EC0-301F-11D3-BF4B-00C04F79EFBC}") = "DVG.WIS.Services", "DVG.WIS.Services\DVG.WIS.Services.csproj", "{C43518B3-29A1-470D-93A5-3B3B84B501BD}"
EndProject
Project("{FAE04EC0-301F-11D3-BF4B-00C04F79EFBC}") = "DVG.WIS.Image", "DVG.WIS.Image\DVG.WIS.Image.csproj", "{C1474DE2-4BA1-4F8E-AB99-4BB33EC12BE5}"
EndProject
Project("{FAE04EC0-301F-11D3-BF4B-00C04F79EFBC}") = "DVG.Website", "DVG.Website\DVG.Website.csproj", "{735B0B2D-ECCE-40FB-91ED-4501EE729F7E}"
EndProject
Global
	GlobalSection(SolutionConfigurationPlatforms) = preSolution
		Debug|Any CPU = Debug|Any CPU
		Release|Any CPU = Release|Any CPU
	EndGlobalSection
	GlobalSection(ProjectConfigurationPlatforms) = postSolution
		{D1C49E8F-41E7-414E-8DCE-BBD901A84791}.Debug|Any CPU.ActiveCfg = Debug|Any CPU
		{D1C49E8F-41E7-414E-8DCE-BBD901A84791}.Debug|Any CPU.Build.0 = Debug|Any CPU
		{D1C49E8F-41E7-414E-8DCE-BBD901A84791}.Release|Any CPU.ActiveCfg = Release|Any CPU
		{D1C49E8F-41E7-414E-8DCE-BBD901A84791}.Release|Any CPU.Build.0 = Release|Any CPU
		{32B27F71-69D8-4D89-AB79-DD80EECA1DE3}.Debug|Any CPU.ActiveCfg = Debug|Any CPU
		{32B27F71-69D8-4D89-AB79-DD80EECA1DE3}.Debug|Any CPU.Build.0 = Debug|Any CPU
		{32B27F71-69D8-4D89-AB79-DD80EECA1DE3}.Release|Any CPU.ActiveCfg = Release|Any CPU
		{32B27F71-69D8-4D89-AB79-DD80EECA1DE3}.Release|Any CPU.Build.0 = Release|Any CPU
		{E67CDDD6-E186-4997-86E7-F8CCFA659877}.Debug|Any CPU.ActiveCfg = Debug|Any CPU
		{E67CDDD6-E186-4997-86E7-F8CCFA659877}.Debug|Any CPU.Build.0 = Debug|Any CPU
		{E67CDDD6-E186-4997-86E7-F8CCFA659877}.Release|Any CPU.ActiveCfg = Release|Any CPU
		{E67CDDD6-E186-4997-86E7-F8CCFA659877}.Release|Any CPU.Build.0 = Release|Any CPU
		{CF6F4FE2-2162-4970-9C28-827E603D1796}.Debug|Any CPU.ActiveCfg = Debug|Any CPU
		{CF6F4FE2-2162-4970-9C28-827E603D1796}.Debug|Any CPU.Build.0 = Debug|Any CPU
		{CF6F4FE2-2162-4970-9C28-827E603D1796}.Release|Any CPU.ActiveCfg = Release|Any CPU
		{CF6F4FE2-2162-4970-9C28-827E603D1796}.Release|Any CPU.Build.0 = Release|Any CPU
		{56D874CE-ACD6-4571-B8CA-650F0000B0A1}.Debug|Any CPU.ActiveCfg = Debug|Any CPU
		{56D874CE-ACD6-4571-B8CA-650F0000B0A1}.Debug|Any CPU.Build.0 = Debug|Any CPU
		{56D874CE-ACD6-4571-B8CA-650F0000B0A1}.Release|Any CPU.ActiveCfg = Release|Any CPU
		{56D874CE-ACD6-4571-B8CA-650F0000B0A1}.Release|Any CPU.Build.0 = Release|Any CPU
		{E8953302-2A83-460D-8B05-CAB18174D87C}.Debug|Any CPU.ActiveCfg = Debug|Any CPU
		{E8953302-2A83-460D-8B05-CAB18174D87C}.Debug|Any CPU.Build.0 = Debug|Any CPU
		{E8953302-2A83-460D-8B05-CAB18174D87C}.Release|Any CPU.ActiveCfg = Release|Any CPU
		{E8953302-2A83-460D-8B05-CAB18174D87C}.Release|Any CPU.Build.0 = Release|Any CPU
		{F75DFCA3-EDB3-44F6-91C6-45FF54D2BF36}.Debug|Any CPU.ActiveCfg = Debug|Any CPU
		{F75DFCA3-EDB3-44F6-91C6-45FF54D2BF36}.Debug|Any CPU.Build.0 = Debug|Any CPU
		{F75DFCA3-EDB3-44F6-91C6-45FF54D2BF36}.Release|Any CPU.ActiveCfg = Release|Any CPU
		{F75DFCA3-EDB3-44F6-91C6-45FF54D2BF36}.Release|Any CPU.Build.0 = Release|Any CPU
		{A1239570-9F49-44E3-9A8A-11A062089D72}.Debug|Any CPU.ActiveCfg = Debug|Any CPU
		{A1239570-9F49-44E3-9A8A-11A062089D72}.Debug|Any CPU.Build.0 = Debug|Any CPU
		{A1239570-9F49-44E3-9A8A-11A062089D72}.Release|Any CPU.ActiveCfg = Release|Any CPU
		{A1239570-9F49-44E3-9A8A-11A062089D72}.Release|Any CPU.Build.0 = Release|Any CPU
		{758E8852-FCE0-4082-8096-75B7EE98C922}.Debug|Any CPU.ActiveCfg = Debug|Any CPU
		{758E8852-FCE0-4082-8096-75B7EE98C922}.Debug|Any CPU.Build.0 = Debug|Any CPU
		{758E8852-FCE0-4082-8096-75B7EE98C922}.Release|Any CPU.ActiveCfg = Release|Any CPU
		{758E8852-FCE0-4082-8096-75B7EE98C922}.Release|Any CPU.Build.0 = Release|Any CPU
		{4FDBD751-9252-4CBD-85EC-19190DA39526}.Debug|Any CPU.ActiveCfg = Debug|Any CPU
		{4FDBD751-9252-4CBD-85EC-19190DA39526}.Debug|Any CPU.Build.0 = Debug|Any CPU
		{4FDBD751-9252-4CBD-85EC-19190DA39526}.Release|Any CPU.ActiveCfg = Release|Any CPU
		{4FDBD751-9252-4CBD-85EC-19190DA39526}.Release|Any CPU.Build.0 = Release|Any CPU
		{C43518B3-29A1-470D-93A5-3B3B84B501BD}.Debug|Any CPU.ActiveCfg = Debug|Any CPU
		{C43518B3-29A1-470D-93A5-3B3B84B501BD}.Debug|Any CPU.Build.0 = Debug|Any CPU
		{C43518B3-29A1-470D-93A5-3B3B84B501BD}.Release|Any CPU.ActiveCfg = Release|Any CPU
		{C43518B3-29A1-470D-93A5-3B3B84B501BD}.Release|Any CPU.Build.0 = Release|Any CPU
		{C1474DE2-4BA1-4F8E-AB99-4BB33EC12BE5}.Debug|Any CPU.ActiveCfg = Debug|Any CPU
		{C1474DE2-4BA1-4F8E-AB99-4BB33EC12BE5}.Debug|Any CPU.Build.0 = Debug|Any CPU
		{C1474DE2-4BA1-4F8E-AB99-4BB33EC12BE5}.Release|Any CPU.ActiveCfg = Release|Any CPU
		{C1474DE2-4BA1-4F8E-AB99-4BB33EC12BE5}.Release|Any CPU.Build.0 = Release|Any CPU
		{735B0B2D-ECCE-40FB-91ED-4501EE729F7E}.Debug|Any CPU.ActiveCfg = Debug|Any CPU
		{735B0B2D-ECCE-40FB-91ED-4501EE729F7E}.Debug|Any CPU.Build.0 = Debug|Any CPU
		{735B0B2D-ECCE-40FB-91ED-4501EE729F7E}.Release|Any CPU.ActiveCfg = Release|Any CPU
		{735B0B2D-ECCE-40FB-91ED-4501EE729F7E}.Release|Any CPU.Build.0 = Release|Any CPU
	EndGlobalSection
	GlobalSection(SolutionProperties) = preSolution
		HideSolutionNode = FALSE
	EndGlobalSection
	GlobalSection(NestedProjects) = preSolution
		{D1C49E8F-41E7-414E-8DCE-BBD901A84791} = {B999D2CA-EB08-4217-ACAB-3F99B5D3CE21}
		{32B27F71-69D8-4D89-AB79-DD80EECA1DE3} = {B999D2CA-EB08-4217-ACAB-3F99B5D3CE21}
		{E67CDDD6-E186-4997-86E7-F8CCFA659877} = {3F5DE924-C9A4-4CD4-8A7B-00A754144A90}
		{CF6F4FE2-2162-4970-9C28-827E603D1796} = {DB9359C0-6354-46D9-ABE8-FC491AFA0A4E}
		{56D874CE-ACD6-4571-B8CA-650F0000B0A1} = {DB9359C0-6354-46D9-ABE8-FC491AFA0A4E}
		{E8953302-2A83-460D-8B05-CAB18174D87C} = {C1CB0451-A904-4FF7-893B-72E568398784}
		{F75DFCA3-EDB3-44F6-91C6-45FF54D2BF36} = {DB9359C0-6354-46D9-ABE8-FC491AFA0A4E}
		{A1239570-9F49-44E3-9A8A-11A062089D72} = {DB9359C0-6354-46D9-ABE8-FC491AFA0A4E}
		{758E8852-FCE0-4082-8096-75B7EE98C922} = {DB9359C0-6354-46D9-ABE8-FC491AFA0A4E}
		{4FDBD751-9252-4CBD-85EC-19190DA39526} = {DB9359C0-6354-46D9-ABE8-FC491AFA0A4E}
		{C43518B3-29A1-470D-93A5-3B3B84B501BD} = {E8A92FE8-A15F-4642-A798-D66089C92D24}
		{C1474DE2-4BA1-4F8E-AB99-4BB33EC12BE5} = {D5B4DC7C-AB10-4767-9D30-79084768F858}
		{735B0B2D-ECCE-40FB-91ED-4501EE729F7E} = {C1CB0451-A904-4FF7-893B-72E568398784}
	EndGlobalSection
	GlobalSection(ExtensibilityGlobals) = postSolution
		SolutionGuid = {9BA03812-E0AA-4813-A0C0-A83A88D1E109}
	EndGlobalSection
EndGlobal
